
Microsoft Visual Studio Solution File, Format Version 12.00
# Visual Studio Version 17
VisualStudioVersion = 17.7.34031.279
MinimumVisualStudioVersion = 10.0.40219.1
Project("{FAE04EC0-301F-11D3-BF4B-00C04F79EFBC}") = "BikeStoreManagement", "BikeStoreManagement\BikeStoreManagement.csproj", "{AE5D4FF4-461F-48AE-A3C4-B50089CE80AE}"
EndProject
Global
	GlobalSection(SolutionConfigurationPlatforms) = preSolution
		Debug|Any CPU = Debug|Any CPU
		Release|Any CPU = Release|Any CPU
	EndGlobalSection
	GlobalSection(ProjectConfigurationPlatforms) = postSolution
		{AE5D4FF4-461F-48AE-A3C4-B50089CE80AE}.Debug|Any CPU.ActiveCfg = Debug|Any CPU
		{AE5D4FF4-461F-48AE-A3C4-B50089CE80AE}.Debug|Any CPU.Build.0 = Debug|Any CPU
		{AE5D4FF4-461F-48AE-A3C4-B50089CE80AE}.Release|Any CPU.ActiveCfg = Release|Any CPU
		{AE5D4FF4-461F-48AE-A3C4-B50089CE80AE}.Release|Any CPU.Build.0 = Release|Any CPU
	EndGlobalSection
	GlobalSection(SolutionProperties) = preSolution
		HideSolutionNode = FALSE
	EndGlobalSection
	GlobalSection(ExtensibilityGlobals) = postSolution
		SolutionGuid = {A9E767D5-C2DA-4C0A-AC25-7785DFE99C90}
	EndGlobalSection
EndGlobal
